// !$*UTF8*$!
{
	archiveVersion = 1;
	classes = {
	};
	objectVersion = 56;
	objects = {

/* Begin PBXBuildFile section */
		5F9927AD298AA8A300B92BF2 /* CalculatorButton.swift in Sources */ = {isa = PBXBuildFile; fileRef = 5F9927AC298AA8A100B92BF2 /* CalculatorButton.swift */; };
		5FC1C2002982CFE700325516 /* CalculatricePolonaiseApp.swift in Sources */ = {isa = PBXBuildFile; fileRef = 5FC1C1FF2982CFE700325516 /* CalculatricePolonaiseApp.swift */; };
		5FC1C2022982CFE700325516 /* ContentView.swift in Sources */ = {isa = PBXBuildFile; fileRef = 5FC1C2012982CFE700325516 /* ContentView.swift */; };
		5FC1C2042982CFEA00325516 /* Assets.xcassets in Resources */ = {isa = PBXBuildFile; fileRef = 5FC1C2032982CFEA00325516 /* Assets.xcassets */; };
		5FC1C2072982CFEA00325516 /* Preview Assets.xcassets in Resources */ = {isa = PBXBuildFile; fileRef = 5FC1C2062982CFEA00325516 /* Preview Assets.xcassets */; };
		5FC1C2112982CFEB00325516 /* CalculatricePolonaiseTests.swift in Sources */ = {isa = PBXBuildFile; fileRef = 5FC1C2102982CFEB00325516 /* CalculatricePolonaiseTests.swift */; };
		5FC1C22A2982D00200325516 /* CalculatriceViewModel.swift in Sources */ = {isa = PBXBuildFile; fileRef = 5FC1C2292982D00200325516 /* CalculatriceViewModel.swift */; };
		5FC1C22E2983D91E00325516 /* CalculatriceView.swift in Sources */ = {isa = PBXBuildFile; fileRef = 5FC1C22D2983D91E00325516 /* CalculatriceView.swift */; };
/* End PBXBuildFile section */

/* Begin PBXContainerItemProxy section */
		5FC1C20D2982CFEB00325516 /* PBXContainerItemProxy */ = {
			isa = PBXContainerItemProxy;
			containerPortal = 5FC1C1F42982CFE700325516 /* Project object */;
			proxyType = 1;
			remoteGlobalIDString = 5FC1C1FB2982CFE700325516;
			remoteInfo = CalculatricePolonaise;
		};
/* End PBXContainerItemProxy section */

/* Begin PBXFileReference section */
		5F9927AC298AA8A100B92BF2 /* CalculatorButton.swift */ = {isa = PBXFileReference; lastKnownFileType = sourcecode.swift; path = CalculatorButton.swift; sourceTree = "<group>"; };
		5FC1C1FC2982CFE700325516 /* CalculatricePolonaise.app */ = {isa = PBXFileReference; explicitFileType = wrapper.application; includeInIndex = 0; path = CalculatricePolonaise.app; sourceTree = BUILT_PRODUCTS_DIR; };
		5FC1C1FF2982CFE700325516 /* CalculatricePolonaiseApp.swift */ = {isa = PBXFileReference; lastKnownFileType = sourcecode.swift; path = CalculatricePolonaiseApp.swift; sourceTree = "<group>"; };
		5FC1C2012982CFE700325516 /* ContentView.swift */ = {isa = PBXFileReference; lastKnownFileType = sourcecode.swift; path = ContentView.swift; sourceTree = "<group>"; };
		5FC1C2032982CFEA00325516 /* Assets.xcassets */ = {isa = PBXFileReference; lastKnownFileType = folder.assetcatalog; path = Assets.xcassets; sourceTree = "<group>"; };
		5FC1C2062982CFEA00325516 /* Preview Assets.xcassets */ = {isa = PBXFileReference; lastKnownFileType = folder.assetcatalog; path = "Preview Assets.xcassets"; sourceTree = "<group>"; };
		5FC1C20C2982CFEB00325516 /* CalculatricePolonaiseTests.xctest */ = {isa = PBXFileReference; explicitFileType = wrapper.cfbundle; includeInIndex = 0; path = CalculatricePolonaiseTests.xctest; sourceTree = BUILT_PRODUCTS_DIR; };
		5FC1C2102982CFEB00325516 /* CalculatricePolonaiseTests.swift */ = {isa = PBXFileReference; lastKnownFileType = sourcecode.swift; path = CalculatricePolonaiseTests.swift; sourceTree = "<group>"; };
		5FC1C2292982D00200325516 /* CalculatriceViewModel.swift */ = {isa = PBXFileReference; lastKnownFileType = sourcecode.swift; path = CalculatriceViewModel.swift; sourceTree = "<group>"; };
		5FC1C22D2983D91E00325516 /* CalculatriceView.swift */ = {isa = PBXFileReference; lastKnownFileType = sourcecode.swift; path = CalculatriceView.swift; sourceTree = "<group>"; };
/* End PBXFileReference section */

/* Begin PBXFrameworksBuildPhase section */
		5FC1C1F92982CFE700325516 /* Frameworks */ = {
			isa = PBXFrameworksBuildPhase;
			buildActionMask = 2147483647;
			files = (
			);
			runOnlyForDeploymentPostprocessing = 0;
		};
		5FC1C2092982CFEB00325516 /* Frameworks */ = {
			isa = PBXFrameworksBuildPhase;
			buildActionMask = 2147483647;
			files = (
			);
			runOnlyForDeploymentPostprocessing = 0;
		};
/* End PBXFrameworksBuildPhase section */

/* Begin PBXGroup section */
		5FC1C1F32982CFE700325516 = {
			isa = PBXGroup;
			children = (
				5FC1C1FE2982CFE700325516 /* CalculatricePolonaise */,
				5FC1C20F2982CFEB00325516 /* CalculatricePolonaiseTests */,
				5FC1C1FD2982CFE700325516 /* Products */,
			);
			sourceTree = "<group>";
		};
		5FC1C1FD2982CFE700325516 /* Products */ = {
			isa = PBXGroup;
			children = (
				5FC1C1FC2982CFE700325516 /* CalculatricePolonaise.app */,
				5FC1C20C2982CFEB00325516 /* CalculatricePolonaiseTests.xctest */,
			);
			name = Products;
			sourceTree = "<group>";
		};
		5FC1C1FE2982CFE700325516 /* CalculatricePolonaise */ = {
			isa = PBXGroup;
			children = (
				5FC1C1FF2982CFE700325516 /* CalculatricePolonaiseApp.swift */,
				5FC1C2012982CFE700325516 /* ContentView.swift */,
				5FC1C2032982CFEA00325516 /* Assets.xcassets */,
				5FC1C2052982CFEA00325516 /* Preview Content */,
				5FC1C2292982D00200325516 /* CalculatriceViewModel.swift */,
				5FC1C22D2983D91E00325516 /* CalculatriceView.swift */,
				5F9927AC298AA8A100B92BF2 /* CalculatorButton.swift */,
			);
			path = CalculatricePolonaise;
			sourceTree = "<group>";
		};
		5FC1C2052982CFEA00325516 /* Preview Content */ = {
			isa = PBXGroup;
			children = (
				5FC1C2062982CFEA00325516 /* Preview Assets.xcassets */,
			);
			path = "Preview Content";
			sourceTree = "<group>";
		};
		5FC1C20F2982CFEB00325516 /* CalculatricePolonaiseTests */ = {
			isa = PBXGroup;
			children = (
				5FC1C2102982CFEB00325516 /* CalculatricePolonaiseTests.swift */,
			);
			path = CalculatricePolonaiseTests;
			sourceTree = "<group>";
		};
/* End PBXGroup section */

/* Begin PBXNativeTarget section */
		5FC1C1FB2982CFE700325516 /* CalculatricePolonaise */ = {
			isa = PBXNativeTarget;
			buildConfigurationList = 5FC1C2202982CFEB00325516 /* Build configuration list for PBXNativeTarget "CalculatricePolonaise" */;
			buildPhases = (
				5FC1C1F82982CFE700325516 /* Sources */,
				5FC1C1F92982CFE700325516 /* Frameworks */,
				5FC1C1FA2982CFE700325516 /* Resources */,
			);
			buildRules = (
			);
			dependencies = (
			);
			name = CalculatricePolonaise;
			productName = CalculatricePolonaise;
			productReference = 5FC1C1FC2982CFE700325516 /* CalculatricePolonaise.app */;
			productType = "com.apple.product-type.application";
		};
		5FC1C20B2982CFEB00325516 /* CalculatricePolonaiseTests */ = {
			isa = PBXNativeTarget;
			buildConfigurationList = 5FC1C2232982CFEB00325516 /* Build configuration list for PBXNativeTarget "CalculatricePolonaiseTests" */;
			buildPhases = (
				5FC1C2082982CFEB00325516 /* Sources */,
				5FC1C2092982CFEB00325516 /* Frameworks */,
				5FC1C20A2982CFEB00325516 /* Resources */,
			);
			buildRules = (
			);
			dependencies = (
				5FC1C20E2982CFEB00325516 /* PBXTargetDependency */,
			);
			name = CalculatricePolonaiseTests;
			productName = CalculatricePolonaiseTests;
			productReference = 5FC1C20C2982CFEB00325516 /* CalculatricePolonaiseTests.xctest */;
			productType = "com.apple.product-type.bundle.unit-test";
		};
/* End PBXNativeTarget section */

/* Begin PBXProject section */
		5FC1C1F42982CFE700325516 /* Project object */ = {
			isa = PBXProject;
			attributes = {
				BuildIndependentTargetsInParallel = 1;
				LastSwiftUpdateCheck = 1410;
				LastUpgradeCheck = 1410;
				TargetAttributes = {
					5FC1C1FB2982CFE700325516 = {
						CreatedOnToolsVersion = 14.1;
					};
					5FC1C20B2982CFEB00325516 = {
						CreatedOnToolsVersion = 14.1;
						TestTargetID = 5FC1C1FB2982CFE700325516;
					};
				};
			};
			buildConfigurationList = 5FC1C1F72982CFE700325516 /* Build configuration list for PBXProject "CalculatricePolonaise" */;
			compatibilityVersion = "Xcode 14.0";
			developmentRegion = en;
			hasScannedForEncodings = 0;
			knownRegions = (
				en,
				Base,
			);
			mainGroup = 5FC1C1F32982CFE700325516;
			productRefGroup = 5FC1C1FD2982CFE700325516 /* Products */;
			projectDirPath = "";
			projectRoot = "";
			targets = (
				5FC1C1FB2982CFE700325516 /* CalculatricePolonaise */,
				5FC1C20B2982CFEB00325516 /* CalculatricePolonaiseTests */,
			);
		};
/* End PBXProject section */

/* Begin PBXResourcesBuildPhase section */
		5FC1C1FA2982CFE700325516 /* Resources */ = {
			isa = PBXResourcesBuildPhase;
			buildActionMask = 2147483647;
			files = (
				5FC1C2072982CFEA00325516 /* Preview Assets.xcassets in Resources */,
				5FC1C2042982CFEA00325516 /* Assets.xcassets in Resources */,
			);
			runOnlyForDeploymentPostprocessing = 0;
		};
		5FC1C20A2982CFEB00325516 /* Resources */ = {
			isa = PBXResourcesBuildPhase;
			buildActionMask = 2147483647;
			files = (
			);
			runOnlyForDeploymentPostprocessing = 0;
		};
/* End PBXResourcesBuildPhase section */

/* Begin PBXSourcesBuildPhase section */
		5FC1C1F82982CFE700325516 /* Sources */ = {
			isa = PBXSourcesBuildPhase;
			buildActionMask = 2147483647;
			files = (
				5FC1C2022982CFE700325516 /* ContentView.swift in Sources */,
				5F9927AD298AA8A300B92BF2 /* CalculatorButton.swift in Sources */,
				5FC1C22E2983D91E00325516 /* CalculatriceView.swift in Sources */,
				5FC1C22A2982D00200325516 /* CalculatriceViewModel.swift in Sources */,
				5FC1C2002982CFE700325516 /* CalculatricePolonaiseApp.swift in Sources */,
			);
			runOnlyForDeploymentPostprocessing = 0;
		};
		5FC1C2082982CFEB00325516 /* Sources */ = {
			isa = PBXSourcesBuildPhase;
			buildActionMask = 2147483647;
			files = (
				5FC1C2112982CFEB00325516 /* CalculatricePolonaiseTests.swift in Sources */,
			);
			runOnlyForDeploymentPostprocessing = 0;
		};
/* End PBXSourcesBuildPhase section */

/* Begin PBXTargetDependency section */
		5FC1C20E2982CFEB00325516 /* PBXTargetDependency */ = {
			isa = PBXTargetDependency;
			target = 5FC1C1FB2982CFE700325516 /* CalculatricePolonaise */;
			targetProxy = 5FC1C20D2982CFEB00325516 /* PBXContainerItemProxy */;
		};
/* End PBXTargetDependency section */

/* Begin XCBuildConfiguration section */
		5FC1C21E2982CFEB00325516 /* Debug */ = {
			isa = XCBuildConfiguration;
			buildSettings = {
				ALWAYS_SEARCH_USER_PATHS = NO;
				CLANG_ANALYZER_NONNULL = YES;
				CLANG_ANALYZER_NUMBER_OBJECT_CONVERSION = YES_AGGRESSIVE;
				CLANG_CXX_LANGUAGE_STANDARD = "gnu++20";
				CLANG_ENABLE_MODULES = YES;
				CLANG_ENABLE_OBJC_ARC = YES;
				CLANG_ENABLE_OBJC_WEAK = YES;
				CLANG_WARN_BLOCK_CAPTURE_AUTORELEASING = YES;
				CLANG_WARN_BOOL_CONVERSION = YES;
				CLANG_WARN_COMMA = YES;
				CLANG_WARN_CONSTANT_CONVERSION = YES;
				CLANG_WARN_DEPRECATED_OBJC_IMPLEMENTATIONS = YES;
				CLANG_WARN_DIRECT_OBJC_ISA_USAGE = YES_ERROR;
				CLANG_WARN_DOCUMENTATION_COMMENTS = YES;
				CLANG_WARN_EMPTY_BODY = YES;
				CLANG_WARN_ENUM_CONVERSION = YES;
				CLANG_WARN_INFINITE_RECURSION = YES;
				CLANG_WARN_INT_CONVERSION = YES;
				CLANG_WARN_NON_LITERAL_NULL_CONVERSION = YES;
				CLANG_WARN_OBJC_IMPLICIT_RETAIN_SELF = YES;
				CLANG_WARN_OBJC_LITERAL_CONVERSION = YES;
				CLANG_WARN_OBJC_ROOT_CLASS = YES_ERROR;
				CLANG_WARN_QUOTED_INCLUDE_IN_FRAMEWORK_HEADER = YES;
				CLANG_WARN_RANGE_LOOP_ANALYSIS = YES;
				CLANG_WARN_STRICT_PROTOTYPES = YES;
				CLANG_WARN_SUSPICIOUS_MOVE = YES;
				CLANG_WARN_UNGUARDED_AVAILABILITY = YES_AGGRESSIVE;
				CLANG_WARN_UNREACHABLE_CODE = YES;
				CLANG_WARN__DUPLICATE_METHOD_MATCH = YES;
				COPY_PHASE_STRIP = NO;
				DEBUG_INFORMATION_FORMAT = dwarf;
				ENABLE_STRICT_OBJC_MSGSEND = YES;
				ENABLE_TESTABILITY = YES;
				GCC_C_LANGUAGE_STANDARD = gnu11;
				GCC_DYNAMIC_NO_PIC = NO;
				GCC_NO_COMMON_BLOCKS = YES;
				GCC_OPTIMIZATION_LEVEL = 0;
				GCC_PREPROCESSOR_DEFINITIONS = (
					"DEBUG=1",
					"$(inherited)",
				);
				GCC_WARN_64_TO_32_BIT_CONVERSION = YES;
				GCC_WARN_ABOUT_RETURN_TYPE = YES_ERROR;
				GCC_WARN_UNDECLARED_SELECTOR = YES;
				GCC_WARN_UNINITIALIZED_AUTOS = YES_AGGRESSIVE;
				GCC_WARN_UNUSED_FUNCTION = YES;
				GCC_WARN_UNUSED_VARIABLE = YES;
				IPHONEOS_DEPLOYMENT_TARGET = 16.1;
				MTL_ENABLE_DEBUG_INFO = INCLUDE_SOURCE;
				MTL_FAST_MATH = YES;
				ONLY_ACTIVE_ARCH = YES;
				SDKROOT = iphoneos;
				SWIFT_ACTIVE_COMPILATION_CONDITIONS = DEBUG;
				SWIFT_OPTIMIZATION_LEVEL = "-Onone";
			};
			name = Debug;
		};
		5FC1C21F2982CFEB00325516 /* Release */ = {
			isa = XCBuildConfiguration;
			buildSettings = {
				ALWAYS_SEARCH_USER_PATHS = NO;
				CLANG_ANALYZER_NONNULL = YES;
				CLANG_ANALYZER_NUMBER_OBJECT_CONVERSION = YES_AGGRESSIVE;
				CLANG_CXX_LANGUAGE_STANDARD = "gnu++20";
				CLANG_ENABLE_MODULES = YES;
				CLANG_ENABLE_OBJC_ARC = YES;
				CLANG_ENABLE_OBJC_WEAK = YES;
				CLANG_WARN_BLOCK_CAPTURE_AUTORELEASING = YES;
				CLANG_WARN_BOOL_CONVERSION = YES;
				CLANG_WARN_COMMA = YES;
				CLANG_WARN_CONSTANT_CONVERSION = YES;
				CLANG_WARN_DEPRECATED_OBJC_IMPLEMENTATIONS = YES;
				CLANG_WARN_DIRECT_OBJC_ISA_USAGE = YES_ERROR;
				CLANG_WARN_DOCUMENTATION_COMMENTS = YES;
				CLANG_WARN_EMPTY_BODY = YES;
				CLANG_WARN_ENUM_CONVERSION = YES;
				CLANG_WARN_INFINITE_RECURSION = YES;
				CLANG_WARN_INT_CONVERSION = YES;
				CLANG_WARN_NON_LITERAL_NULL_CONVERSION = YES;
				CLANG_WARN_OBJC_IMPLICIT_RETAIN_SELF = YES;
				CLANG_WARN_OBJC_LITERAL_CONVERSION = YES;
				CLANG_WARN_OBJC_ROOT_CLASS = YES_ERROR;
				CLANG_WARN_QUOTED_INCLUDE_IN_FRAMEWORK_HEADER = YES;
				CLANG_WARN_RANGE_LOOP_ANALYSIS = YES;
				CLANG_WARN_STRICT_PROTOTYPES = YES;
				CLANG_WARN_SUSPICIOUS_MOVE = YES;
				CLANG_WARN_UNGUARDED_AVAILABILITY = YES_AGGRESSIVE;
				CLANG_WARN_UNREACHABLE_CODE = YES;
				CLANG_WARN__DUPLICATE_METHOD_MATCH = YES;
				COPY_PHASE_STRIP = NO;
				DEBUG_INFORMATION_FORMAT = "dwarf-with-dsym";
				ENABLE_NS_ASSERTIONS = NO;
				ENABLE_STRICT_OBJC_MSGSEND = YES;
				GCC_C_LANGUAGE_STANDARD = gnu11;
				GCC_NO_COMMON_BLOCKS = YES;
				GCC_WARN_64_TO_32_BIT_CONVERSION = YES;
				GCC_WARN_ABOUT_RETURN_TYPE = YES_ERROR;
				GCC_WARN_UNDECLARED_SELECTOR = YES;
				GCC_WARN_UNINITIALIZED_AUTOS = YES_AGGRESSIVE;
				GCC_WARN_UNUSED_FUNCTION = YES;
				GCC_WARN_UNUSED_VARIABLE = YES;
				IPHONEOS_DEPLOYMENT_TARGET = 16.1;
				MTL_ENABLE_DEBUG_INFO = NO;
				MTL_FAST_MATH = YES;
				SDKROOT = iphoneos;
				SWIFT_COMPILATION_MODE = wholemodule;
				SWIFT_OPTIMIZATION_LEVEL = "-O";
				VALIDATE_PRODUCT = YES;
			};
			name = Release;
		};
		5FC1C2212982CFEB00325516 /* Debug */ = {
			isa = XCBuildConfiguration;
			buildSettings = {
				ASSETCATALOG_COMPILER_APPICON_NAME = AppIcon;
				ASSETCATALOG_COMPILER_GLOBAL_ACCENT_COLOR_NAME = AccentColor;
				CODE_SIGN_STYLE = Automatic;
				CURRENT_PROJECT_VERSION = 1;
				DEVELOPMENT_ASSET_PATHS = "\"CalculatricePolonaise/Preview Content\"";
				DEVELOPMENT_TEAM = VF7XYX2YJ2;
				ENABLE_PREVIEWS = YES;
				GENERATE_INFOPLIST_FILE = YES;
				INFOPLIST_KEY_UIApplicationSceneManifest_Generation = YES;
				INFOPLIST_KEY_UIApplicationSupportsIndirectInputEvents = YES;
				INFOPLIST_KEY_UILaunchScreen_Generation = YES;
				INFOPLIST_KEY_UISupportedInterfaceOrientations_iPad = "UIInterfaceOrientationPortrait UIInterfaceOrientationPortraitUpsideDown UIInterfaceOrientationLandscapeLeft UIInterfaceOrientationLandscapeRight";
				INFOPLIST_KEY_UISupportedInterfaceOrientations_iPhone = "UIInterfaceOrientationPortrait UIInterfaceOrientationLandscapeLeft UIInterfaceOrientationLandscapeRight";
				LD_RUNPATH_SEARCH_PATHS = (
					"$(inherited)",
					"@executable_path/Frameworks",
				);
				MARKETING_VERSION = 1.0;
				PRODUCT_BUNDLE_IDENTIFIER = SF.CalculatricePolonaise;
				PRODUCT_NAME = "$(TARGET_NAME)";
				SWIFT_EMIT_LOC_STRINGS = YES;
				SWIFT_VERSION = 5.0;
				TARGETED_DEVICE_FAMILY = "1,2";
			};
			name = Debug;
		};
		5FC1C2222982CFEB00325516 /* Release */ = {
			isa = XCBuildConfiguration;
			buildSettings = {
				ASSETCATALOG_COMPILER_APPICON_NAME = AppIcon;
				ASSETCATALOG_COMPILER_GLOBAL_ACCENT_COLOR_NAME = AccentColor;
				CODE_SIGN_STYLE = Automatic;
				CURRENT_PROJECT_VERSION = 1;
				DEVELOPMENT_ASSET_PATHS = "\"CalculatricePolonaise/Preview Content\"";
				DEVELOPMENT_TEAM = VF7XYX2YJ2;
				ENABLE_PREVIEWS = YES;
				GENERATE_INFOPLIST_FILE = YES;
				INFOPLIST_KEY_UIApplicationSceneManifest_Generation = YES;
				INFOPLIST_KEY_UIApplicationSupportsIndirectInputEvents = YES;
				INFOPLIST_KEY_UILaunchScreen_Generation = YES;
				INFOPLIST_KEY_UISupportedInterfaceOrientations_iPad = "UIInterfaceOrientationPortrait UIInterfaceOrientationPortraitUpsideDown UIInterfaceOrientationLandscapeLeft UIInterfaceOrientationLandscapeRight";
				INFOPLIST_KEY_UISupportedInterfaceOrientations_iPhone = "UIInterfaceOrientationPortrait UIInterfaceOrientationLandscapeLeft UIInterfaceOrientationLandscapeRight";
				LD_RUNPATH_SEARCH_PATHS = (
					"$(inherited)",
					"@executable_path/Frameworks",
				);
				MARKETING_VERSION = 1.0;
				PRODUCT_BUNDLE_IDENTIFIER = SF.CalculatricePolonaise;
				PRODUCT_NAME = "$(TARGET_NAME)";
				SWIFT_EMIT_LOC_STRINGS = YES;
				SWIFT_VERSION = 5.0;
				TARGETED_DEVICE_FAMILY = "1,2";
			};
			name = Release;
		};
		5FC1C2242982CFEB00325516 /* Debug */ = {
			isa = XCBuildConfiguration;
			buildSettings = {
				ALWAYS_EMBED_SWIFT_STANDARD_LIBRARIES = YES;
				BUNDLE_LOADER = "$(TEST_HOST)";
				CODE_SIGN_STYLE = Automatic;
				CURRENT_PROJECT_VERSION = 1;
				DEVELOPMENT_TEAM = VF7XYX2YJ2;
				GENERATE_INFOPLIST_FILE = YES;
				IPHONEOS_DEPLOYMENT_TARGET = 16.1;
				MARKETING_VERSION = 1.0;
				PRODUCT_BUNDLE_IDENTIFIER = SF.CalculatricePolonaiseTests;
				PRODUCT_NAME = "$(TARGET_NAME)";
				SWIFT_EMIT_LOC_STRINGS = NO;
				SWIFT_VERSION = 5.0;
				TARGETED_DEVICE_FAMILY = "1,2";
				TEST_HOST = "$(BUILT_PRODUCTS_DIR)/CalculatricePolonaise.app/$(BUNDLE_EXECUTABLE_FOLDER_PATH)/CalculatricePolonaise";
			};
			name = Debug;
		};
		5FC1C2252982CFEB00325516 /* Release */ = {
			isa = XCBuildConfiguration;
			buildSettings = {
				ALWAYS_EMBED_SWIFT_STANDARD_LIBRARIES = YES;
				BUNDLE_LOADER = "$(TEST_HOST)";
				CODE_SIGN_STYLE = Automatic;
				CURRENT_PROJECT_VERSION = 1;
				DEVELOPMENT_TEAM = VF7XYX2YJ2;
				GENERATE_INFOPLIST_FILE = YES;
				IPHONEOS_DEPLOYMENT_TARGET = 16.1;
				MARKETING_VERSION = 1.0;
				PRODUCT_BUNDLE_IDENTIFIER = SF.CalculatricePolonaiseTests;
				PRODUCT_NAME = "$(TARGET_NAME)";
				SWIFT_EMIT_LOC_STRINGS = NO;
				SWIFT_VERSION = 5.0;
				TARGETED_DEVICE_FAMILY = "1,2";
				TEST_HOST = "$(BUILT_PRODUCTS_DIR)/CalculatricePolonaise.app/$(BUNDLE_EXECUTABLE_FOLDER_PATH)/CalculatricePolonaise";
			};
			name = Release;
		};
/* End XCBuildConfiguration section */

/* Begin XCConfigurationList section */
		5FC1C1F72982CFE700325516 /* Build configuration list for PBXProject "CalculatricePolonaise" */ = {
			isa = XCConfigurationList;
			buildConfigurations = (
				5FC1C21E2982CFEB00325516 /* Debug */,
				5FC1C21F2982CFEB00325516 /* Release */,
			);
			defaultConfigurationIsVisible = 0;
			defaultConfigurationName = Release;
		};
		5FC1C2202982CFEB00325516 /* Build configuration list for PBXNativeTarget "CalculatricePolonaise" */ = {
			isa = XCConfigurationList;
			buildConfigurations = (
				5FC1C2212982CFEB00325516 /* Debug */,
				5FC1C2222982CFEB00325516 /* Release */,
			);
			defaultConfigurationIsVisible = 0;
			defaultConfigurationName = Release;
		};
		5FC1C2232982CFEB00325516 /* Build configuration list for PBXNativeTarget "CalculatricePolonaiseTests" */ = {
			isa = XCConfigurationList;
			buildConfigurations = (
				5FC1C2242982CFEB00325516 /* Debug */,
				5FC1C2252982CFEB00325516 /* Release */,
			);
			defaultConfigurationIsVisible = 0;
			defaultConfigurationName = Release;
		};
/* End XCConfigurationList section */
	};
	rootObject = 5FC1C1F42982CFE700325516 /* Project object */;
}
